{
  "lockfile_version": "1",
  "packages": {
    "bun@latest": {
      "last_modified": "2024-11-26T10:33:56Z",
      "resolved": "github:NixOS/nixpkgs/af51545ec9a44eadf3fe3547610a5cdd882bc34e#bun",
      "source": "devbox-search",
      "version": "1.1.34",
      "systems": {
        "aarch64-darwin": {
          "outputs": [
            {
              "name": "out",
              "path": "/nix/store/0hxh6hmzkpg56l11vsnyb287jynhf5f4-bun-1.1.34",
              "default": true
            }
          ],
          "store_path": "/nix/store/0hxh6hmzkpg56l11vsnyb287jynhf5f4-bun-1.1.34"
        },
        "aarch64-linux": {
          "outputs": [
            {
              "name": "out",
              "path": "/nix/store/mc6bikx8a0rqm1xk040w2q861syxpr8d-bun-1.1.34",
              "default": true
            }
          ],
          "store_path": "/nix/store/mc6bikx8a0rqm1xk040w2q861syxpr8d-bun-1.1.34"
        },
        "x86_64-darwin": {
          "outputs": [
            {
              "name": "out",
              "path": "/nix/store/fn9h6y3v8il2yax5pm965lacxzj8pq9q-bun-1.1.34",
              "default": true
            }
          ],
          "store_path": "/nix/store/fn9h6y3v8il2yax5pm965lacxzj8pq9q-bun-1.1.34"
        },
        "x86_64-linux": {
          "outputs": [
            {
              "name": "out",
              "path": "/nix/store/mzk71frmsppga4i7sz7ca3r9wxv8slx9-bun-1.1.34",
              "default": true
            }
          ],
          "store_path": "/nix/store/mzk71frmsppga4i7sz7ca3r9wxv8slx9-bun-1.1.34"
        }
      }
    },
    "go-task@latest": {
      "last_modified": "2024-11-28T07:51:56Z",
      "resolved": "github:NixOS/nixpkgs/226216574ada4c3ecefcbbec41f39ce4655f78ef#go-task",
      "source": "devbox-search",
      "version": "3.40.0",
      "systems": {
        "aarch64-darwin": {
          "outputs": [
            {
              "name": "out",
              "path": "/nix/store/ynnx5bghcar86a89026rdysvpf51b2li-go-task-3.40.0",
              "default": true
            }
          ],
          "store_path": "/nix/store/ynnx5bghcar86a89026rdysvpf51b2li-go-task-3.40.0"
        },
        "aarch64-linux": {
          "outputs": [
            {
              "name": "out",
              "path": "/nix/store/2ga7yc7nn0k01n2w3wa6fjbp0i31r6d6-go-task-3.40.0",
              "default": true
            }
          ],
          "store_path": "/nix/store/2ga7yc7nn0k01n2w3wa6fjbp0i31r6d6-go-task-3.40.0"
        },
        "x86_64-darwin": {
          "outputs": [
            {
              "name": "out",
              "path": "/nix/store/sjq23fm01iki9idphwvp27yjzv7blr69-go-task-3.40.0",
              "default": true
            }
          ],
          "store_path": "/nix/store/sjq23fm01iki9idphwvp27yjzv7blr69-go-task-3.40.0"
        },
        "x86_64-linux": {
          "outputs": [
            {
              "name": "out",
              "path": "/nix/store/x5pbyv5p0yj3fl77j4bmgcj8s7jjcjwn-go-task-3.40.0",
              "default": true
            }
          ],
          "store_path": "/nix/store/x5pbyv5p0yj3fl77j4bmgcj8s7jjcjwn-go-task-3.40.0"
        }
      }
    },
    "nodejs@latest": {
      "last_modified": "2024-11-22T01:27:12Z",
      "plugin_version": "0.0.2",
      "resolved": "github:NixOS/nixpkgs/8edf06bea5bcbee082df1b7369ff973b91618b8d#nodejs_23",
      "source": "devbox-search",
      "version": "23.2.0",
      "systems": {
        "aarch64-darwin": {
          "outputs": [
            {
              "name": "out",
              "path": "/nix/store/2ibv0dpai0wwhwlhcy04y0hllqilawhq-nodejs-23.2.0",
              "default": true
            },
            {
              "name": "libv8",
              "path": "/nix/store/kw4nx0f5gxp986769fwzvkxj9lh9crxv-nodejs-23.2.0-libv8"
            }
          ],
          "store_path": "/nix/store/2ibv0dpai0wwhwlhcy04y0hllqilawhq-nodejs-23.2.0"
        },
        "aarch64-linux": {
          "outputs": [
            {
              "name": "out",
              "path": "/nix/store/p4845y5infyxnscwq5xwwisv684gy3rh-nodejs-23.2.0",
              "default": true
            },
            {
              "name": "libv8",
              "path": "/nix/store/rvw0r6fbk8jr1gja8245ip31vkbjzdn8-nodejs-23.2.0-libv8"
            }
          ],
          "store_path": "/nix/store/p4845y5infyxnscwq5xwwisv684gy3rh-nodejs-23.2.0"
        },
        "x86_64-darwin": {
          "outputs": [
            {
              "name": "out",
              "path": "/nix/store/arw5b6s4sl9af7zcvpjs41qnl24xi80x-nodejs-23.2.0",
              "default": true
            },
            {
              "name": "libv8",
              "path": "/nix/store/fbyf3510n96ph7liws525zx617jkcvf0-nodejs-23.2.0-libv8"
            }
          ],
          "store_path": "/nix/store/arw5b6s4sl9af7zcvpjs41qnl24xi80x-nodejs-23.2.0"
        },
        "x86_64-linux": {
          "outputs": [
            {
              "name": "out",
              "path": "/nix/store/nsc1zfr2q3z2dp0c3vlip7lhkjckafk8-nodejs-23.2.0",
              "default": true
            },
            {
              "name": "libv8",
              "path": "/nix/store/v1j4ab0j2c8w3pk67p6lv8y19ika7rig-nodejs-23.2.0-libv8"
            }
          ],
          "store_path": "/nix/store/nsc1zfr2q3z2dp0c3vlip7lhkjckafk8-nodejs-23.2.0"
        }
      }
    },
    "stdenv.cc.cc.lib": {
      "resolved": "github:NixOS/nixpkgs/75a52265bda7fd25e06e3a67dee3f0354e73243c#stdenv.cc.cc.lib",
      "source": "nixpkg"
    }
  }
}
